
Microsoft Visual Studio Solution File, Format Version 12.00
# Visual Studio Version 17
VisualStudioVersion = 17.1.32319.34
MinimumVisualStudioVersion = 10.0.40219.1
Project("{FAE04EC0-301F-11D3-BF4B-00C04F79EFBC}") = "Utoma", "Utoma\Utoma.csproj", "{E0906A2C-7753-4E47-8E07-9A30F69262C2}"
EndProject
Global
	GlobalSection(SolutionConfigurationPlatforms) = preSolution
		Debug|Any CPU = Debug|Any CPU
		Release|Any CPU = Release|Any CPU
	EndGlobalSection
	GlobalSection(ProjectConfigurationPlatforms) = postSolution
		{E0906A2C-7753-4E47-8E07-9A30F69262C2}.Debug|Any CPU.ActiveCfg = Debug|Any CPU
		{E0906A2C-7753-4E47-8E07-9A30F69262C2}.Debug|Any CPU.Build.0 = Debug|Any CPU
		{E0906A2C-7753-4E47-8E07-9A30F69262C2}.Release|Any CPU.ActiveCfg = Release|Any CPU
		{E0906A2C-7753-4E47-8E07-9A30F69262C2}.Release|Any CPU.Build.0 = Release|Any CPU
	EndGlobalSection
	GlobalSection(SolutionProperties) = preSolution
		HideSolutionNode = FALSE
	EndGlobalSection
	GlobalSection(ExtensibilityGlobals) = postSolution
		SolutionGuid = {8EBBA7F1-50AC-4B2F-8C13-E6C08684638F}
	EndGlobalSection
EndGlobal
